
Microsoft Visual Studio Solution File, Format Version 12.00
Project("{2150E333-8FDC-42A3-9474-1A3956D46DE8}") = "Account", "Account", "{33E7C5BB-AC22-4411-A49C-40C8B8D4EAB7}"
EndProject
Project("{FAE04EC0-301F-11D3-BF4B-00C04F79EFBC}") = "NNotes.Account.Api", "Account\NNotes.Account.Api\NNotes.Account.Api.csproj", "{10C30B3E-DA7A-43EF-8CBE-D7F82078A250}"
EndProject
Global
	GlobalSection(SolutionConfigurationPlatforms) = preSolution
		Debug|Any CPU = Debug|Any CPU
		Release|Any CPU = Release|Any CPU
	EndGlobalSection
	GlobalSection(ProjectConfigurationPlatforms) = postSolution
		{10C30B3E-DA7A-43EF-8CBE-D7F82078A250}.Debug|Any CPU.ActiveCfg = Debug|Any CPU
		{10C30B3E-DA7A-43EF-8CBE-D7F82078A250}.Debug|Any CPU.Build.0 = Debug|Any CPU
		{10C30B3E-DA7A-43EF-8CBE-D7F82078A250}.Release|Any CPU.ActiveCfg = Release|Any CPU
		{10C30B3E-DA7A-43EF-8CBE-D7F82078A250}.Release|Any CPU.Build.0 = Release|Any CPU
	EndGlobalSection
	GlobalSection(NestedProjects) = preSolution
		{10C30B3E-DA7A-43EF-8CBE-D7F82078A250} = {33E7C5BB-AC22-4411-A49C-40C8B8D4EAB7}
	EndGlobalSection
EndGlobal
